
Microsoft Visual Studio Solution File, Format Version 12.00
# Visual Studio Version 17
VisualStudioVersion = 17.7.34024.191
MinimumVisualStudioVersion = 10.0.40219.1
Project("{FAE04EC0-301F-11D3-BF4B-00C04F79EFBC}") = "Functions", "Functions.csproj", "{0733FEF1-49EA-4039-8293-940E1C40ED9A}"
EndProject
Project("{FAE04EC0-301F-11D3-BF4B-00C04F79EFBC}") = "ArgumentsAndParameters", "ArgumentsAndParameters\ArgumentsAndParameters.csproj", "{27F44D41-5327-4FAC-8484-AF0AC20A013A}"
EndProject
Project("{FAE04EC0-301F-11D3-BF4B-00C04F79EFBC}") = "Calculator", "Calculator\Calculator.csproj", "{ACB49203-DBA1-4E35-A5BB-9FB8E7F788A0}"
EndProject
Project("{FAE04EC0-301F-11D3-BF4B-00C04F79EFBC}") = "DiscountCalculator", "DiscountCalculator\DiscountCalculator.csproj", "{6F072A7A-3CE7-4D4A-8A7A-775F6158816C}"
EndProject
Global
	GlobalSection(SolutionConfigurationPlatforms) = preSolution
		Debug|Any CPU = Debug|Any CPU
		Release|Any CPU = Release|Any CPU
	EndGlobalSection
	GlobalSection(ProjectConfigurationPlatforms) = postSolution
		{0733FEF1-49EA-4039-8293-940E1C40ED9A}.Debug|Any CPU.ActiveCfg = Debug|Any CPU
		{0733FEF1-49EA-4039-8293-940E1C40ED9A}.Debug|Any CPU.Build.0 = Debug|Any CPU
		{0733FEF1-49EA-4039-8293-940E1C40ED9A}.Release|Any CPU.ActiveCfg = Release|Any CPU
		{0733FEF1-49EA-4039-8293-940E1C40ED9A}.Release|Any CPU.Build.0 = Release|Any CPU
		{27F44D41-5327-4FAC-8484-AF0AC20A013A}.Debug|Any CPU.ActiveCfg = Debug|Any CPU
		{27F44D41-5327-4FAC-8484-AF0AC20A013A}.Debug|Any CPU.Build.0 = Debug|Any CPU
		{27F44D41-5327-4FAC-8484-AF0AC20A013A}.Release|Any CPU.ActiveCfg = Release|Any CPU
		{27F44D41-5327-4FAC-8484-AF0AC20A013A}.Release|Any CPU.Build.0 = Release|Any CPU
		{ACB49203-DBA1-4E35-A5BB-9FB8E7F788A0}.Debug|Any CPU.ActiveCfg = Debug|Any CPU
		{ACB49203-DBA1-4E35-A5BB-9FB8E7F788A0}.Debug|Any CPU.Build.0 = Debug|Any CPU
		{ACB49203-DBA1-4E35-A5BB-9FB8E7F788A0}.Release|Any CPU.ActiveCfg = Release|Any CPU
		{ACB49203-DBA1-4E35-A5BB-9FB8E7F788A0}.Release|Any CPU.Build.0 = Release|Any CPU
		{6F072A7A-3CE7-4D4A-8A7A-775F6158816C}.Debug|Any CPU.ActiveCfg = Debug|Any CPU
		{6F072A7A-3CE7-4D4A-8A7A-775F6158816C}.Debug|Any CPU.Build.0 = Debug|Any CPU
		{6F072A7A-3CE7-4D4A-8A7A-775F6158816C}.Release|Any CPU.ActiveCfg = Release|Any CPU
		{6F072A7A-3CE7-4D4A-8A7A-775F6158816C}.Release|Any CPU.Build.0 = Release|Any CPU
	EndGlobalSection
	GlobalSection(SolutionProperties) = preSolution
		HideSolutionNode = FALSE
	EndGlobalSection
	GlobalSection(ExtensibilityGlobals) = postSolution
		SolutionGuid = {B3AFF15C-6DFA-40B3-B9C4-D7416B0E3A77}
	EndGlobalSection
EndGlobal
